
Microsoft Visual Studio Solution File, Format Version 12.00
# Visual Studio Version 17
VisualStudioVersion = 17.11.35327.3
MinimumVisualStudioVersion = 10.0.40219.1
Project("{9A19103F-16F7-4668-BE54-9A1E7A4F7556}") = "eStore", "..\..\..\source\repos\eStore\eStore\eStore.csproj", "{926CF62D-00CC-48FD-829E-43812998CAD7}"
EndProject
Project("{9A19103F-16F7-4668-BE54-9A1E7A4F7556}") = "eStore.DataAccess", "..\..\..\source\repos\eStore\eStore.DataAccess\eStore.DataAccess.csproj", "{ECA6C1B9-B52E-472A-AF2F-04371DAF3D4A}"
EndProject
Project("{9A19103F-16F7-4668-BE54-9A1E7A4F7556}") = "eStore.Models", "..\..\..\source\repos\eStore\eStore.Models\eStore.Models.csproj", "{DE6978CF-8094-4A7C-BADF-C1776022A8D6}"
EndProject
Project("{9A19103F-16F7-4668-BE54-9A1E7A4F7556}") = "eStore.Utility", "..\..\..\source\repos\eStore\eStore.Utility\eStore.Utility.csproj", "{5B88D96C-279F-49CB-853C-C06BC97476D6}"
EndProject
Global
	GlobalSection(SolutionConfigurationPlatforms) = preSolution
		Debug|Any CPU = Debug|Any CPU
		Release|Any CPU = Release|Any CPU
	EndGlobalSection
	GlobalSection(ProjectConfigurationPlatforms) = postSolution
		{926CF62D-00CC-48FD-829E-43812998CAD7}.Debug|Any CPU.ActiveCfg = Debug|Any CPU
		{926CF62D-00CC-48FD-829E-43812998CAD7}.Debug|Any CPU.Build.0 = Debug|Any CPU
		{926CF62D-00CC-48FD-829E-43812998CAD7}.Release|Any CPU.ActiveCfg = Release|Any CPU
		{926CF62D-00CC-48FD-829E-43812998CAD7}.Release|Any CPU.Build.0 = Release|Any CPU
		{ECA6C1B9-B52E-472A-AF2F-04371DAF3D4A}.Debug|Any CPU.ActiveCfg = Debug|Any CPU
		{ECA6C1B9-B52E-472A-AF2F-04371DAF3D4A}.Debug|Any CPU.Build.0 = Debug|Any CPU
		{ECA6C1B9-B52E-472A-AF2F-04371DAF3D4A}.Release|Any CPU.ActiveCfg = Release|Any CPU
		{ECA6C1B9-B52E-472A-AF2F-04371DAF3D4A}.Release|Any CPU.Build.0 = Release|Any CPU
		{DE6978CF-8094-4A7C-BADF-C1776022A8D6}.Debug|Any CPU.ActiveCfg = Debug|Any CPU
		{DE6978CF-8094-4A7C-BADF-C1776022A8D6}.Debug|Any CPU.Build.0 = Debug|Any CPU
		{DE6978CF-8094-4A7C-BADF-C1776022A8D6}.Release|Any CPU.ActiveCfg = Release|Any CPU
		{DE6978CF-8094-4A7C-BADF-C1776022A8D6}.Release|Any CPU.Build.0 = Release|Any CPU
		{5B88D96C-279F-49CB-853C-C06BC97476D6}.Debug|Any CPU.ActiveCfg = Debug|Any CPU
		{5B88D96C-279F-49CB-853C-C06BC97476D6}.Debug|Any CPU.Build.0 = Debug|Any CPU
		{5B88D96C-279F-49CB-853C-C06BC97476D6}.Release|Any CPU.ActiveCfg = Release|Any CPU
		{5B88D96C-279F-49CB-853C-C06BC97476D6}.Release|Any CPU.Build.0 = Release|Any CPU
	EndGlobalSection
	GlobalSection(SolutionProperties) = preSolution
		HideSolutionNode = FALSE
	EndGlobalSection
	GlobalSection(ExtensibilityGlobals) = postSolution
		SolutionGuid = {55325B6A-A147-480A-820E-5BD66A030E05}
	EndGlobalSection
EndGlobal
